
Microsoft Visual Studio Solution File, Format Version 12.00
# Visual Studio 2012
Project("{FAE04EC0-301F-11D3-BF4B-00C04F79EFBC}") = "Minhpt", "Minhpt\Minhpt.csproj", "{B64D310C-09BA-439C-B4EB-0FD69DD54680}"
EndProject
Global
	GlobalSection(SolutionConfigurationPlatforms) = preSolution
		Debug|Any CPU = Debug|Any CPU
		Release|Any CPU = Release|Any CPU
	EndGlobalSection
	GlobalSection(ProjectConfigurationPlatforms) = postSolution
		{B64D310C-09BA-439C-B4EB-0FD69DD54680}.Debug|Any CPU.ActiveCfg = Debug|Any CPU
		{B64D310C-09BA-439C-B4EB-0FD69DD54680}.Debug|Any CPU.Build.0 = Debug|Any CPU
		{B64D310C-09BA-439C-B4EB-0FD69DD54680}.Release|Any CPU.ActiveCfg = Release|Any CPU
		{B64D310C-09BA-439C-B4EB-0FD69DD54680}.Release|Any CPU.Build.0 = Release|Any CPU
	EndGlobalSection
	GlobalSection(SolutionProperties) = preSolution
		HideSolutionNode = FALSE
	EndGlobalSection
EndGlobal
